
Microsoft Visual Studio Solution File, Format Version 12.00
# Visual Studio 2013
VisualStudioVersion = 12.0.31101.0
MinimumVisualStudioVersion = 10.0.40219.1
Project("{2150E333-8FDC-42A3-9474-1A3956D46DE8}") = "src", "src", "{1BDAE08E-470A-4725-8D8C-5F25ACB188AB}"
EndProject
Project("{2150E333-8FDC-42A3-9474-1A3956D46DE8}") = "test", "test", "{9DFCD64B-BB6C-4721-B5AC-2FA0D3B992E4}"
	ProjectSection(SolutionItems) = preProject
		test\coverage-tests.xunit = test\coverage-tests.xunit
	EndProjectSection
EndProject
Project("{2150E333-8FDC-42A3-9474-1A3956D46DE8}") = "unit-test", "unit-test", "{AF5DE799-FC6E-4F87-AD4B-34E727AE0FBC}"
EndProject
Project("{2150E333-8FDC-42A3-9474-1A3956D46DE8}") = "build", "build", "{66D8BECE-FEBF-4464-B213-47E6C25F4AE9}"
	ProjectSection(SolutionItems) = preProject
		build.cmd = build.cmd
		build\Build.proj = build\Build.proj
		build\build.props = build\build.props
		build\build.targets = build\build.targets
		build\Build.tasks = build\Build.tasks
		build\environment.props = build\environment.props
		packages\repositories.config = packages\repositories.config
		build\versions.targets = build\versions.targets
	EndProjectSection
EndProject
Project("{2150E333-8FDC-42A3-9474-1A3956D46DE8}") = "packaging", "packaging", "{F3499A3A-5856-4C9B-AF3C-625941CAE934}"
	ProjectSection(SolutionItems) = preProject
		build\packaging\Sitecore.Services.Contrib.nuspec = build\packaging\Sitecore.Services.Contrib.nuspec
	EndProjectSection
EndProject
Project("{2150E333-8FDC-42A3-9474-1A3956D46DE8}") = ".nuget", ".nuget", "{508F6B03-46F4-49B6-A809-775EA170F6D0}"
	ProjectSection(SolutionItems) = preProject
		.nuget\NuGet.Config = .nuget\NuGet.Config
		.nuget\NuGet.exe = .nuget\NuGet.exe
		.nuget\NuGet.targets = .nuget\NuGet.targets
	EndProjectSection
EndProject
Project("{2150E333-8FDC-42A3-9474-1A3956D46DE8}") = "Common", "Common", "{C615B871-ACFB-4182-A62D-38DFC5F273EE}"
	ProjectSection(SolutionItems) = preProject
		src\Common\CommonAssemblyInfo.cs = src\Common\CommonAssemblyInfo.cs
		src\Common\CommonVersionInfo.cs = src\Common\CommonVersionInfo.cs
	EndProjectSection
EndProject
Project("{2150E333-8FDC-42A3-9474-1A3956D46DE8}") = "docs", "docs", "{4E8C7940-7A7A-48A2-85B4-A24D19A0AD63}"
	ProjectSection(SolutionItems) = preProject
		doc\index.md = doc\index.md
		doc\setup.md = doc\setup.md
		doc\who.md = doc\who.md
	EndProjectSection
EndProject
Project("{FAE04EC0-301F-11D3-BF4B-00C04F79EFBC}") = "Sitecore.Services.Contrib", "src\Sitecore.Services.Contrib\Sitecore.Services.Contrib.csproj", "{3E4C7858-9125-4E8C-9492-1B30CCA0F861}"
EndProject
Project("{FAE04EC0-301F-11D3-BF4B-00C04F79EFBC}") = "Sitecore.Services.Contrib.Test", "test\unit-test\Sitecore.Services.Contrib.Test\Sitecore.Services.Contrib.Test.csproj", "{0446F61E-2100-4D49-A999-7F6D5BE1EE73}"
EndProject
Global
	GlobalSection(SolutionConfigurationPlatforms) = preSolution
		Debug|Any CPU = Debug|Any CPU
		Release|Any CPU = Release|Any CPU
	EndGlobalSection
	GlobalSection(ProjectConfigurationPlatforms) = postSolution
		{3E4C7858-9125-4E8C-9492-1B30CCA0F861}.Debug|Any CPU.ActiveCfg = Debug|Any CPU
		{3E4C7858-9125-4E8C-9492-1B30CCA0F861}.Debug|Any CPU.Build.0 = Debug|Any CPU
		{3E4C7858-9125-4E8C-9492-1B30CCA0F861}.Release|Any CPU.ActiveCfg = Release|Any CPU
		{3E4C7858-9125-4E8C-9492-1B30CCA0F861}.Release|Any CPU.Build.0 = Release|Any CPU
		{0446F61E-2100-4D49-A999-7F6D5BE1EE73}.Debug|Any CPU.ActiveCfg = Debug|Any CPU
		{0446F61E-2100-4D49-A999-7F6D5BE1EE73}.Debug|Any CPU.Build.0 = Debug|Any CPU
		{0446F61E-2100-4D49-A999-7F6D5BE1EE73}.Release|Any CPU.ActiveCfg = Release|Any CPU
		{0446F61E-2100-4D49-A999-7F6D5BE1EE73}.Release|Any CPU.Build.0 = Release|Any CPU
	EndGlobalSection
	GlobalSection(SolutionProperties) = preSolution
		HideSolutionNode = FALSE
	EndGlobalSection
	GlobalSection(NestedProjects) = preSolution
		{AF5DE799-FC6E-4F87-AD4B-34E727AE0FBC} = {9DFCD64B-BB6C-4721-B5AC-2FA0D3B992E4}
		{F3499A3A-5856-4C9B-AF3C-625941CAE934} = {66D8BECE-FEBF-4464-B213-47E6C25F4AE9}
		{C615B871-ACFB-4182-A62D-38DFC5F273EE} = {1BDAE08E-470A-4725-8D8C-5F25ACB188AB}
		{3E4C7858-9125-4E8C-9492-1B30CCA0F861} = {1BDAE08E-470A-4725-8D8C-5F25ACB188AB}
		{0446F61E-2100-4D49-A999-7F6D5BE1EE73} = {AF5DE799-FC6E-4F87-AD4B-34E727AE0FBC}
	EndGlobalSection
EndGlobal
